{
	"name": "tools.sentinel-team.org",
	"version": "1.0.0",
	"lockfileVersion": 3,
	"requires": true,
	"packages": {
		"": {
			"name": "tools.sentinel-team.org",
			"version": "1.0.0",
			"license": "MIT",
			"dependencies": {
				"@forecasting/aggregation": "^1.0.3",
				"@forecasting/laplace": "^1.0.3"
			}
		},
		"node_modules/@forecasting/aggregation": {
			"version": "1.0.3",
			"resolved": "https://registry.npmjs.org/@forecasting/aggregation/-/aggregation-1.0.3.tgz",
			"integrity": "sha512-ZHc4W8Ve+InmNRIsPBj6bA7TFxx0f8OZWc7HImw71GBrGnA9gTIbJwHwCuauCuV8GDAPmLvipKt9S6lIsBMN2Q==",
			"license": "MIT"
		},
		"node_modules/@forecasting/laplace": {
			"version": "1.0.3",
			"resolved": "https://registry.npmjs.org/@forecasting/laplace/-/laplace-1.0.3.tgz",
			"integrity": "sha512-B0wvFyrpaoVd9+oEGl0zcmxxM80KbqG5GxIxIjJCMJ6bf9TrW1MU1ILHMJihlwPd2zmkTQJEUao0tZy3phSB4A==",
			"license": "MIT"
		}
	}
}
